{
  "name": "html",
  "version": "1.0.0",
  "lockfileVersion": 3,
  "requires": true,
  "packages": {
    "": {
      "name": "html",
      "version": "1.0.0",
      "license": "ISC",
      "dependencies": {
        "@brtmvdl/frontend": "^1.0.10"
      }
    },
    "node_modules/@brtmvdl/frontend": {
      "version": "1.0.10",
      "resolved": "https://registry.npmjs.org/@brtmvdl/frontend/-/frontend-1.0.10.tgz",
      "integrity": "sha512-dKQuFCP6vG/Ka6puR6trXWpws2POopY/1O+2ZQmU0sovQQdwDXWR2dio9BoqIxCw6agyJvxoZRpmCPJOsWLxEg==",
      "bin": {
        "frontend": "bin/index.js"
      },
      "funding": {
        "url": "https://link.mercadopago.com.br/brtmvdl"
      }
    }
  }
}
